
Microsoft Visual Studio Solution File, Format Version 12.00
# Visual Studio 15
VisualStudioVersion = 15.0.28307.645
MinimumVisualStudioVersion = 10.0.40219.1
Project("{FAE04EC0-301F-11D3-BF4B-00C04F79EFBC}") = "WpfMediatr", "WpfMediatr\WpfMediatr.csproj", "{466F7875-1436-4F1E-8F48-0D16ED23A986}"
EndProject
Global
	GlobalSection(SolutionConfigurationPlatforms) = preSolution
		Debug|Any CPU = Debug|Any CPU
		Release|Any CPU = Release|Any CPU
	EndGlobalSection
	GlobalSection(ProjectConfigurationPlatforms) = postSolution
		{466F7875-1436-4F1E-8F48-0D16ED23A986}.Debug|Any CPU.ActiveCfg = Debug|Any CPU
		{466F7875-1436-4F1E-8F48-0D16ED23A986}.Debug|Any CPU.Build.0 = Debug|Any CPU
		{466F7875-1436-4F1E-8F48-0D16ED23A986}.Release|Any CPU.ActiveCfg = Release|Any CPU
		{466F7875-1436-4F1E-8F48-0D16ED23A986}.Release|Any CPU.Build.0 = Release|Any CPU
	EndGlobalSection
	GlobalSection(SolutionProperties) = preSolution
		HideSolutionNode = FALSE
	EndGlobalSection
	GlobalSection(ExtensibilityGlobals) = postSolution
		SolutionGuid = {43A1AE10-39FE-481F-B661-42E0C7618635}
	EndGlobalSection
EndGlobal
